{
  "name": "nbahackathon",
  "version": "1.0.0",
  "lockfileVersion": 1,
  "requires": true,
  "dependencies": {
    "csvjson": {
      "version": "5.0.0",
      "resolved": "https://registry.npmjs.org/csvjson/-/csvjson-5.0.0.tgz",
      "integrity": "sha1-RW3zzrqYnR+qEhG/KttKk8kel9Q="
    },
    "underscore": {
      "version": "1.9.1",
      "resolved": "https://registry.npmjs.org/underscore/-/underscore-1.9.1.tgz",
      "integrity": "sha512-5/4etnCkd9c8gwgowi5/om/mYO5ajCaOgdzj/oW+0eQV9WxKBDZw5+ycmKmeaTXjInS/W0BzpGLo2xR2aBwZdg=="
    }
  }
}
